
Microsoft Visual Studio Solution File, Format Version 12.00
# Visual Studio Version 17
VisualStudioVersion = 17.14.36811.4 d17.14
MinimumVisualStudioVersion = 10.0.40219.1
Project("{FAE04EC0-301F-11D3-BF4B-00C04F79EFBC}") = "SCP5K-GE", "SCP5K-GE.csproj", "{D03B6B98-4C60-4B2D-886B-D85D82EF0F5B}"
EndProject
Global
	GlobalSection(SolutionConfigurationPlatforms) = preSolution
		Debug|Any CPU = Debug|Any CPU
		Release|Any CPU = Release|Any CPU
	EndGlobalSection
	GlobalSection(ProjectConfigurationPlatforms) = postSolution
		{D03B6B98-4C60-4B2D-886B-D85D82EF0F5B}.Debug|Any CPU.ActiveCfg = Debug|Any CPU
		{D03B6B98-4C60-4B2D-886B-D85D82EF0F5B}.Debug|Any CPU.Build.0 = Debug|Any CPU
		{D03B6B98-4C60-4B2D-886B-D85D82EF0F5B}.Release|Any CPU.ActiveCfg = Release|Any CPU
		{D03B6B98-4C60-4B2D-886B-D85D82EF0F5B}.Release|Any CPU.Build.0 = Release|Any CPU
	EndGlobalSection
	GlobalSection(SolutionProperties) = preSolution
		HideSolutionNode = FALSE
	EndGlobalSection
	GlobalSection(ExtensibilityGlobals) = postSolution
		SolutionGuid = {6714BA70-1FC0-4C96-94F0-1CAB2BF6651D}
	EndGlobalSection
EndGlobal
